
Microsoft Visual Studio Solution File, Format Version 12.00
# Visual Studio Version 16
VisualStudioVersion = 16.0.33328.57
MinimumVisualStudioVersion = 10.0.40219.1
Project("{FAE04EC0-301F-11D3-BF4B-00C04F79EFBC}") = "Dinein_UserApp.Android", "Dinein_UserApp\Dinein_UserApp.Android\Dinein_UserApp.Android.csproj", "{EAC8875A-DB20-4568-930F-0F5F8EBB4855}"
EndProject
Project("{FAE04EC0-301F-11D3-BF4B-00C04F79EFBC}") = "Dinein_UserApp", "Dinein_UserApp\Dinein_UserApp\Dinein_UserApp.csproj", "{B6781CF0-F5AC-4B8F-A662-29B2981753AD}"
EndProject
Global
	GlobalSection(SolutionConfigurationPlatforms) = preSolution
		Debug|Any CPU = Debug|Any CPU
		Release|Any CPU = Release|Any CPU
	EndGlobalSection
	GlobalSection(ProjectConfigurationPlatforms) = postSolution
		{EAC8875A-DB20-4568-930F-0F5F8EBB4855}.Debug|Any CPU.ActiveCfg = Debug|Any CPU
		{EAC8875A-DB20-4568-930F-0F5F8EBB4855}.Debug|Any CPU.Build.0 = Debug|Any CPU
		{EAC8875A-DB20-4568-930F-0F5F8EBB4855}.Debug|Any CPU.Deploy.0 = Debug|Any CPU
		{EAC8875A-DB20-4568-930F-0F5F8EBB4855}.Release|Any CPU.ActiveCfg = Release|Any CPU
		{EAC8875A-DB20-4568-930F-0F5F8EBB4855}.Release|Any CPU.Build.0 = Release|Any CPU
		{EAC8875A-DB20-4568-930F-0F5F8EBB4855}.Release|Any CPU.Deploy.0 = Release|Any CPU
		{B6781CF0-F5AC-4B8F-A662-29B2981753AD}.Debug|Any CPU.ActiveCfg = Debug|Any CPU
		{B6781CF0-F5AC-4B8F-A662-29B2981753AD}.Debug|Any CPU.Build.0 = Debug|Any CPU
		{B6781CF0-F5AC-4B8F-A662-29B2981753AD}.Debug|Any CPU.Deploy.0 = Debug|Any CPU
		{B6781CF0-F5AC-4B8F-A662-29B2981753AD}.Release|Any CPU.ActiveCfg = Release|Any CPU
		{B6781CF0-F5AC-4B8F-A662-29B2981753AD}.Release|Any CPU.Build.0 = Release|Any CPU
		{B6781CF0-F5AC-4B8F-A662-29B2981753AD}.Release|Any CPU.Deploy.0 = Release|Any CPU
	EndGlobalSection
	GlobalSection(SolutionProperties) = preSolution
		HideSolutionNode = FALSE
	EndGlobalSection
	GlobalSection(ExtensibilityGlobals) = postSolution
		SolutionGuid = {162384FA-B765-482E-A5C4-C69DC6B84233}
	EndGlobalSection
EndGlobal
